<?xml version="1.0" encoding="utf-8"?>
<Project ToolsVersion="4.0" xmlns="http://schemas.microsoft.com/developer/msbuild/2003">
  <ItemGroup>
    <Filter Include="Source Files">
      <UniqueIdentifier>{4FC737F1-C7A5-4376-A066-2A32D752A2FF}</UniqueIdentifier>
      <Extensions>cpp;c;cc;cxx;c++;cppm;ixx;def;odl;idl;hpj;bat;asm;asmx</Extensions>
    </Filter>
    <Filter Include="Header Files">
      <UniqueIdentifier>{93995380-89BD-4b04-88EB-625FBE52EBFB}</UniqueIdentifier>
      <Extensions>h;hh;hpp;hxx;h++;hm;inl;inc;ipp;xsd</Extensions>
    </Filter>
    <Filter Include="Resource Files">
      <UniqueIdentifier>{67DA6AB6-F800-4c08-8B7A-83BB121AAD01}</UniqueIdentifier>
      <Extensions>rc;ico;cur;bmp;dlg;rc2;rct;bin;rgs;gif;jpg;jpeg;jpe;resx;tiff;tif;png;wav;mfcribbon-ms</Extensions>
    </Filter>
  </ItemGroup>
  <ItemGroup>
    <ClCompile Include="Source\GraduateWork.cpp">
      <Filter>Source Files</Filter>
    </ClCompile>
    <ClCompile Include="Source\Game\Game.cpp">
      <Filter>Source Files</Filter>
    </ClCompile>
    <ClCompile Include="Source\Game\UI\Widgets\TestWidget.cpp">
      <Filter>Source Files</Filter>
    </ClCompile>
    <ClCompile Include="Source\Game\UI\Widgets\WidgetSplashScreen.cpp">
      <Filter>Source Files</Filter>
    </ClCompile>
    <ClCompile Include="Source\Game\UI\HUD\PlayerHUD.cpp">
      <Filter>Source Files</Filter>
    </ClCompile>
    <ClCompile Include="Source\Game\Scene\SceneSplashScreen\SceneSplashScreen.cpp">
      <Filter>Source Files</Filter>
    </ClCompile>
    <ClCompile Include="Source\Game\Scene\GameScene\SceneGame.cpp">
      <Filter>Source Files</Filter>
    </ClCompile>
    <ClCompile Include="Source\Game\Components\WalkInLine\WalkInLineComponent.cpp">
      <Filter>Source Files</Filter>
    </ClCompile>
    <ClCompile Include="Source\Game\Components\Interactable\InteractableComponent.cpp">
      <Filter>Source Files</Filter>
    </ClCompile>
    <ClCompile Include="Source\Game\Components\Interact\InteractComponent.cpp">
      <Filter>Source Files</Filter>
    </ClCompile>
    <ClCompile Include="Source\Game\Components\BehaviorTree\Task\Move\Target\MoveToTarget.cpp">
      <Filter>Source Files</Filter>
    </ClCompile>
    <ClCompile Include="Source\Game\Components\BehaviorTree\Task\Move\Location\MoveToLocation.cpp">
      <Filter>Source Files</Filter>
    </ClCompile>
    <ClCompile Include="Source\Game\Components\BehaviorTree\Task\FindLocation\FindLocation.cpp">
      <Filter>Source Files</Filter>
    </ClCompile>
    <ClCompile Include="Source\Game\Components\BehaviorTree\Simple\BehaviorTreeSimple.cpp">
      <Filter>Source Files</Filter>
    </ClCompile>
    <ClCompile Include="Source\Game\Components\Attribute\AttributeComponent.cpp">
      <Filter>Source Files</Filter>
    </ClCompile>
    <ClCompile Include="Source\Game\Components\Attribute\Player\PlayerAttribute.cpp">
      <Filter>Source Files</Filter>
    </ClCompile>
    <ClCompile Include="Source\Game\Components\Attribute\Enemy\Slime\SlimeAttribute.cpp">
      <Filter>Source Files</Filter>
    </ClCompile>
    <ClCompile Include="Source\Game\Components\Attribute\Enemy\Goblin\GoblinAttribute.cpp">
      <Filter>Source Files</Filter>
    </ClCompile>
    <ClCompile Include="Source\Game\Components\Attribute\Enemy\Eye\EyeAttribute.cpp">
      <Filter>Source Files</Filter>
    </ClCompile>
    <ClCompile Include="Source\Game\Components\Attribute\Data\AttributeData.cpp">
      <Filter>Source Files</Filter>
    </ClCompile>
    <ClCompile Include="Source\Game\Actors\Trader\Trader.cpp">
      <Filter>Source Files</Filter>
    </ClCompile>
    <ClCompile Include="Source\Game\Actors\Enemy\Enemy.cpp">
      <Filter>Source Files</Filter>
    </ClCompile>
    <ClCompile Include="Source\Game\Actors\Enemy\Slime\SlimeEnemy.cpp">
      <Filter>Source Files</Filter>
    </ClCompile>
    <ClCompile Include="Source\Game\Actors\Enemy\Goblin\GoblinEnemy.cpp">
      <Filter>Source Files</Filter>
    </ClCompile>
    <ClCompile Include="Source\Game\Actors\Enemy\Eye\EyeEnemy.cpp">
      <Filter>Source Files</Filter>
    </ClCompile>
    <ClCompile Include="Source\Core\Window\Window.cpp">
      <Filter>Source Files</Filter>
    </ClCompile>
    <ClCompile Include="Source\Core\UI\UIBase\UIBase.cpp">
      <Filter>Source Files</Filter>
    </ClCompile>
    <ClCompile Include="Source\Core\UI\Text\UIText.cpp">
      <Filter>Source Files</Filter>
    </ClCompile>
    <ClCompile Include="Source\Core\UI\Panel\UIPanel.cpp">
      <Filter>Source Files</Filter>
    </ClCompile>
    <ClCompile Include="Source\Core\UI\Image\UIImage.cpp">
      <Filter>Source Files</Filter>
    </ClCompile>
    <ClCompile Include="Source\Core\UI\HUD\BaseHUD.cpp">
      <Filter>Source Files</Filter>
    </ClCompile>
    <ClCompile Include="Source\Core\UI\Button\UIButton.cpp">
      <Filter>Source Files</Filter>
    </ClCompile>
    <ClCompile Include="Source\Core\Timer\Timer.cpp">
      <Filter>Source Files</Filter>
    </ClCompile>
    <ClCompile Include="Source\Core\Timer\Manager\TimerManager.cpp">
      <Filter>Source Files</Filter>
    </ClCompile>
    <ClCompile Include="Source\Core\System\Drawable\DrawableSystem.cpp">
      <Filter>Source Files</Filter>
    </ClCompile>
    <ClCompile Include="Source\Core\System\Collider\ColliderSystem.cpp">
      <Filter>Source Files</Filter>
    </ClCompile>
    <ClCompile Include="Source\Core\StaticFunctions\Debug.cpp">
      <Filter>Source Files</Filter>
    </ClCompile>
    <ClCompile Include="Source\Core\SceneManager\SceneStateMachine.cpp">
      <Filter>Source Files</Filter>
    </ClCompile>
    <ClCompile Include="Source\Core\Resource\Texture\TextureResource.cpp">
      <Filter>Source Files</Filter>
    </ClCompile>
    <ClCompile Include="Source\Core\Resource\Font\FontResource.cpp">
      <Filter>Source Files</Filter>
    </ClCompile>
    <ClCompile Include="Source\Core\Parser\TileMapParser\TileMapParser.cpp">
      <Filter>Source Files</Filter>
    </ClCompile>
    <ClCompile Include="Source\Core\Object\Object.cpp">
      <Filter>Source Files</Filter>
    </ClCompile>
    <ClCompile Include="Source\Core\Object\Actor\Actor.cpp">
      <Filter>Source Files</Filter>
    </ClCompile>
    <ClCompile Include="Source\Core\Directory\Directory.cpp">
      <Filter>Source Files</Filter>
    </ClCompile>
    <ClCompile Include="Source\Core\Component\ActorComponent.cpp">
      <Filter>Source Files</Filter>
    </ClCompile>
    <ClCompile Include="Source\Core\Component\Velocity\VelocityComponent.cpp">
      <Filter>Source Files</Filter>
    </ClCompile>
    <ClCompile Include="Source\Core\Component\Transform\TransformComponent.cpp">
      <Filter>Source Files</Filter>
    </ClCompile>
    <ClCompile Include="Source\Core\Component\Tag\TagComponent.cpp">
      <Filter>Source Files</Filter>
    </ClCompile>
    <ClCompile Include="Source\Core\Component\Sprite\SpriteComponent.cpp">
      <Filter>Source Files</Filter>
    </ClCompile>
    <ClCompile Include="Source\Core\Component\Movement\MovementComponent.cpp">
      <Filter>Source Files</Filter>
    </ClCompile>
    <ClCompile Include="Source\Core\Component\InstanceID\InstanceIDComponent.cpp">
      <Filter>Source Files</Filter>
    </ClCompile>
    <ClCompile Include="Source\Core\Component\Drawable\DrawableComponent.cpp">
      <Filter>Source Files</Filter>
    </ClCompile>
    <ClCompile Include="Source\Core\Component\Collider\ColliderComponent.cpp">
      <Filter>Source Files</Filter>
    </ClCompile>
    <ClCompile Include="Source\Core\Component\Collider\BoxCollider\BoxColliderComponent.cpp">
      <Filter>Source Files</Filter>
    </ClCompile>
    <ClCompile Include="Source\Core\Component\Camera\CameraComponent.cpp">
      <Filter>Source Files</Filter>
    </ClCompile>
    <ClCompile Include="Source\Core\Component\BehaviorTree\BehaviorTree.cpp">
      <Filter>Source Files</Filter>
    </ClCompile>
    <ClCompile Include="Source\Core\Component\BehaviorTree\Sequence\BTSequence.cpp">
      <Filter>Source Files</Filter>
    </ClCompile>
    <ClCompile Include="Source\Core\Component\BehaviorTree\Selector\BTSelector.cpp">
      <Filter>Source Files</Filter>
    </ClCompile>
    <ClCompile Include="Source\Core\Component\BehaviorTree\Node\BTNode.cpp">
      <Filter>Source Files</Filter>
    </ClCompile>
    <ClCompile Include="Source\Core\Component\BehaviorTree\Composite\BTCompositeNode.cpp">
      <Filter>Source Files</Filter>
    </ClCompile>
    <ClCompile Include="Source\Core\Component\Animation\AnimationComponent.cpp">
      <Filter>Source Files</Filter>
    </ClCompile>
    <ClCompile Include="Source\Core\Collection\ObjectCollection.cpp">
      <Filter>Source Files</Filter>
    </ClCompile>
    <ClCompile Include="Source\Core\Bitmask\Bitmask.cpp">
      <Filter>Source Files</Filter>
    </ClCompile>
    <ClCompile Include="Source\Core\Animation\Animation.cpp">
      <Filter>Source Files</Filter>
    </ClCompile>
    <ClCompile Include="Source\Core\Algorithm\Raycast\Raycast.cpp">
      <Filter>Source Files</Filter>
    </ClCompile>
    <ClCompile Include="Source\Core\Algorithm\Quadtree\Quadtree.cpp">
      <Filter>Source Files</Filter>
    </ClCompile>
    <ClCompile Include="Source\Core\Algorithm\Pathfinding\Astar.cpp">
      <Filter>Source Files</Filter>
    </ClCompile>
    <ClCompile Include="Source\Game\Actors\Player\Player.cpp">
      <Filter>Source Files</Filter>
    </ClCompile>
  </ItemGroup>
  <ItemGroup>
    <ClInclude Include="Source\Game\Game.h">
      <Filter>Header Files</Filter>
    </ClInclude>
    <ClInclude Include="Source\Game\UI\Widgets\TestWidget.h">
      <Filter>Header Files</Filter>
    </ClInclude>
    <ClInclude Include="Source\Game\UI\Widgets\WidgetSplashScreen.h">
      <Filter>Header Files</Filter>
    </ClInclude>
    <ClInclude Include="Source\Game\UI\HUD\PlayerHUD.h">
      <Filter>Header Files</Filter>
    </ClInclude>
    <ClInclude Include="Source\Game\Scene\SceneSplashScreen\SceneSplashScreen.h">
      <Filter>Header Files</Filter>
    </ClInclude>
    <ClInclude Include="Source\Game\Scene\GameScene\SceneGame.h">
      <Filter>Header Files</Filter>
    </ClInclude>
    <ClInclude Include="Source\Game\Components\WalkInLine\WalkInLineComponent.h">
      <Filter>Header Files</Filter>
    </ClInclude>
    <ClInclude Include="Source\Game\Components\Interactable\InteractableComponent.h">
      <Filter>Header Files</Filter>
    </ClInclude>
    <ClInclude Include="Source\Game\Components\Interact\InteractComponent.h">
      <Filter>Header Files</Filter>
    </ClInclude>
    <ClInclude Include="Source\Game\Components\BehaviorTree\Task\Move\Target\MoveToTarget.h">
      <Filter>Header Files</Filter>
    </ClInclude>
    <ClInclude Include="Source\Game\Components\BehaviorTree\Task\Move\Location\MoveToLocation.h">
      <Filter>Header Files</Filter>
    </ClInclude>
    <ClInclude Include="Source\Game\Components\BehaviorTree\Task\FindLocation\FindLocation.h">
      <Filter>Header Files</Filter>
    </ClInclude>
    <ClInclude Include="Source\Game\Components\BehaviorTree\Simple\BehaviorTreeSimple.h">
      <Filter>Header Files</Filter>
    </ClInclude>
    <ClInclude Include="Source\Game\Components\Attribute\AttributeComponent.h">
      <Filter>Header Files</Filter>
    </ClInclude>
    <ClInclude Include="Source\Game\Components\Attribute\Player\PlayerAttribute.h">
      <Filter>Header Files</Filter>
    </ClInclude>
    <ClInclude Include="Source\Game\Components\Attribute\Enemy\Slime\SlimeAttribute.h">
      <Filter>Header Files</Filter>
    </ClInclude>
    <ClInclude Include="Source\Game\Components\Attribute\Enemy\Goblin\GoblinAttribute.h">
      <Filter>Header Files</Filter>
    </ClInclude>
    <ClInclude Include="Source\Game\Components\Attribute\Enemy\Eye\EyeAttribute.h">
      <Filter>Header Files</Filter>
    </ClInclude>
    <ClInclude Include="Source\Game\Components\Attribute\Data\AttributeData.h">
      <Filter>Header Files</Filter>
    </ClInclude>
    <ClInclude Include="Source\Game\Actors\Trader\Trader.h">
      <Filter>Header Files</Filter>
    </ClInclude>
    <ClInclude Include="Source\Game\Actors\Player\Player.h">
      <Filter>Header Files</Filter>
    </ClInclude>
    <ClInclude Include="Source\Game\Actors\Enemy\Enemy.h">
      <Filter>Header Files</Filter>
    </ClInclude>
    <ClInclude Include="Source\Game\Actors\Enemy\Slime\SlimeEnemy.h">
      <Filter>Header Files</Filter>
    </ClInclude>
    <ClInclude Include="Source\Game\Actors\Enemy\Goblin\GoblinEnemy.h">
      <Filter>Header Files</Filter>
    </ClInclude>
    <ClInclude Include="Source\Game\Actors\Enemy\Eye\EyeEnemy.h">
      <Filter>Header Files</Filter>
    </ClInclude>
    <ClInclude Include="Source\Core\Window\Window.h">
      <Filter>Header Files</Filter>
    </ClInclude>
    <ClInclude Include="Source\Core\Utilities\Utilities.h">
      <Filter>Header Files</Filter>
    </ClInclude>
    <ClInclude Include="Source\Core\UI\UIBase\UIBase.h">
      <Filter>Header Files</Filter>
    </ClInclude>
    <ClInclude Include="Source\Core\UI\Text\UIText.h">
      <Filter>Header Files</Filter>
    </ClInclude>
    <ClInclude Include="Source\Core\UI\Panel\UIPanel.h">
      <Filter>Header Files</Filter>
    </ClInclude>
    <ClInclude Include="Source\Core\UI\Image\UIImage.h">
      <Filter>Header Files</Filter>
    </ClInclude>
    <ClInclude Include="Source\Core\UI\HUD\BaseHUD.h">
      <Filter>Header Files</Filter>
    </ClInclude>
    <ClInclude Include="Source\Core\UI\Button\UIButton.h">
      <Filter>Header Files</Filter>
    </ClInclude>
    <ClInclude Include="Source\Core\Timer\Timer.h">
      <Filter>Header Files</Filter>
    </ClInclude>
    <ClInclude Include="Source\Core\Timer\Manager\TimerManager.h">
      <Filter>Header Files</Filter>
    </ClInclude>
    <ClInclude Include="Source\Core\System\Drawable\DrawableSystem.h">
      <Filter>Header Files</Filter>
    </ClInclude>
    <ClInclude Include="Source\Core\System\Collider\ColliderSystem.h">
      <Filter>Header Files</Filter>
    </ClInclude>
    <ClInclude Include="Source\Core\StaticFunctions\Debug.h">
      <Filter>Header Files</Filter>
    </ClInclude>
    <ClInclude Include="Source\Core\SceneManager\SceneStateMachine.h">
      <Filter>Header Files</Filter>
    </ClInclude>
    <ClInclude Include="Source\Core\SceneManager\Scene\Scene.h">
      <Filter>Header Files</Filter>
    </ClInclude>
    <ClInclude Include="Source\Core\Resource\Texture\TextureResource.h">
      <Filter>Header Files</Filter>
    </ClInclude>
    <ClInclude Include="Source\Core\Resource\Font\FontResource.h">
      <Filter>Header Files</Filter>
    </ClInclude>
    <ClInclude Include="Source\Core\Resource\Base\BaseResource.h">
      <Filter>Header Files</Filter>
    </ClInclude>
    <ClInclude Include="Source\Core\Pattern\Singleton.h">
      <Filter>Header Files</Filter>
    </ClInclude>
    <ClInclude Include="Source\Core\Parser\XML\rapidxml.hpp">
      <Filter>Header Files</Filter>
    </ClInclude>
    <ClInclude Include="Source\Core\Parser\XML\rapidxml_iterators.hpp">
      <Filter>Header Files</Filter>
    </ClInclude>
    <ClInclude Include="Source\Core\Parser\XML\rapidxml_print.hpp">
      <Filter>Header Files</Filter>
    </ClInclude>
    <ClInclude Include="Source\Core\Parser\XML\rapidxml_utils.hpp">
      <Filter>Header Files</Filter>
    </ClInclude>
    <ClInclude Include="Source\Core\Parser\TileMapParser\TileMapParser.h">
      <Filter>Header Files</Filter>
    </ClInclude>
    <ClInclude Include="Source\Core\Object\Object.h">
      <Filter>Header Files</Filter>
    </ClInclude>
    <ClInclude Include="Source\Core\Object\Actor\Actor.h">
      <Filter>Header Files</Filter>
    </ClInclude>
    <ClInclude Include="Source\Core\Interface\Iteractable\IInteractable.h">
      <Filter>Header Files</Filter>
    </ClInclude>
    <ClInclude Include="Source\Core\Hash\EnumHash\EnumClassHash.h">
      <Filter>Header Files</Filter>
    </ClInclude>
    <ClInclude Include="Source\Core\Hash\ComponentPairHash\ComponentPairHash.h">
      <Filter>Header Files</Filter>
    </ClInclude>
    <ClInclude Include="Source\Core\Directory\Directory.h">
      <Filter>Header Files</Filter>
    </ClInclude>
    <ClInclude Include="Source\Core\Context\SharedContext\SharedContext.h">
      <Filter>Header Files</Filter>
    </ClInclude>
    <ClInclude Include="Source\Core\Component\ActorComponent.h">
      <Filter>Header Files</Filter>
    </ClInclude>
    <ClInclude Include="Source\Core\Component\Velocity\VelocityComponent.h">
      <Filter>Header Files</Filter>
    </ClInclude>
    <ClInclude Include="Source\Core\Component\Transform\TransformComponent.h">
      <Filter>Header Files</Filter>
    </ClInclude>
    <ClInclude Include="Source\Core\Component\Tag\TagComponent.h">
      <Filter>Header Files</Filter>
    </ClInclude>
    <ClInclude Include="Source\Core\Component\Sprite\SpriteComponent.h">
      <Filter>Header Files</Filter>
    </ClInclude>
    <ClInclude Include="Source\Core\Component\Movement\MovementComponent.h">
      <Filter>Header Files</Filter>
    </ClInclude>
    <ClInclude Include="Source\Core\Component\InstanceID\InstanceIDComponent.h">
      <Filter>Header Files</Filter>
    </ClInclude>
    <ClInclude Include="Source\Core\Component\Drawable\DrawableComponent.h">
      <Filter>Header Files</Filter>
    </ClInclude>
    <ClInclude Include="Source\Core\Component\Collider\ColliderComponent.h">
      <Filter>Header Files</Filter>
    </ClInclude>
    <ClInclude Include="Source\Core\Component\Collider\BoxCollider\BoxColliderComponent.h">
      <Filter>Header Files</Filter>
    </ClInclude>
    <ClInclude Include="Source\Core\Component\Camera\CameraComponent.h">
      <Filter>Header Files</Filter>
    </ClInclude>
    <ClInclude Include="Source\Core\Component\BehaviorTree\BehaviorTree.h">
      <Filter>Header Files</Filter>
    </ClInclude>
    <ClInclude Include="Source\Core\Component\BehaviorTree\Sequence\BTSequence.h">
      <Filter>Header Files</Filter>
    </ClInclude>
    <ClInclude Include="Source\Core\Component\BehaviorTree\Selector\BTSelector.h">
      <Filter>Header Files</Filter>
    </ClInclude>
    <ClInclude Include="Source\Core\Component\BehaviorTree\Node\BTNode.h">
      <Filter>Header Files</Filter>
    </ClInclude>
    <ClInclude Include="Source\Core\Component\BehaviorTree\Composite\BTCompositeNode.h">
      <Filter>Header Files</Filter>
    </ClInclude>
    <ClInclude Include="Source\Core\Component\Animation\AnimationComponent.h">
      <Filter>Header Files</Filter>
    </ClInclude>
    <ClInclude Include="Source\Core\Collection\ObjectCollection.h">
      <Filter>Header Files</Filter>
    </ClInclude>
    <ClInclude Include="Source\Core\Bitmask\Bitmask.h">
      <Filter>Header Files</Filter>
    </ClInclude>
    <ClInclude Include="Source\Core\Animation\Animation.h">
      <Filter>Header Files</Filter>
    </ClInclude>
    <ClInclude Include="Source\Core\Allocator\ResourceAllocator.h">
      <Filter>Header Files</Filter>
    </ClInclude>
    <ClInclude Include="Source\Core\Algorithm\Raycast\Raycast.h">
      <Filter>Header Files</Filter>
    </ClInclude>
    <ClInclude Include="Source\Core\Algorithm\Quadtree\Quadtree.h">
      <Filter>Header Files</Filter>
    </ClInclude>
    <ClInclude Include="Source\Core\Algorithm\Pathfinding\Astar.h">
      <Filter>Header Files</Filter>
    </ClInclude>
  </ItemGroup>
</Project>